{
  "originHash" : "52261b40b8cb20d720d26be0690f0d98f039f3541fc254e04ff9a3eaa90a3247",
  "pins" : [
    {
      "identity" : "alamofire",
      "kind" : "remoteSourceControl",
      "location" : "https://github.com/Alamofire/Alamofire",
      "state" : {
        "revision" : "3f99050e75bbc6fe71fc323adabb039756680016",
        "version" : "5.11.1"
      }
    },
    {
      "identity" : "factory",
      "kind" : "remoteSourceControl",
      "location" : "https://github.com/hmlongco/Factory",
      "state" : {
        "revision" : "ccc898f21992ebc130bc04cc197460a5ae230bcf",
        "version" : "2.5.3"
      }
    },
    {
      "identity" : "kingfisher",
      "kind" : "remoteSourceControl",
      "location" : "https://github.com/onevcat/Kingfisher",
      "state" : {
        "revision" : "c152c1915f60c51e4afa0752656993ee5b3c63db",
        "version" : "8.8.1"
      }
    }
  ],
  "version" : 3
}
