// !$*UTF8*$!
{
	archiveVersion = 1;
	classes = {
	};
	objectVersion = 77;
	objects = {

/* Begin PBXBuildFile section */
		6038A3052F7FDDED009BFB10 /* Kingfisher in Frameworks */ = {isa = PBXBuildFile; productRef = 6038A3042F7FDDED009BFB10 /* Kingfisher */; };
		605F68CA2F7C5146000B7303 /* Alamofire in Frameworks */ = {isa = PBXBuildFile; productRef = 605F68C92F7C5146000B7303 /* Alamofire */; };
/* End PBXBuildFile section */

/* Begin PBXContainerItemProxy section */
		6053B7F52F7C2EAE001A7F06 /* PBXContainerItemProxy */ = {
			isa = PBXContainerItemProxy;
			containerPortal = 6053B7DD2F7C2EAD001A7F06 /* Project object */;
			proxyType = 1;
			remoteGlobalIDString = 6053B7E42F7C2EAD001A7F06;
			remoteInfo = MoisesChallenge;
		};
		6053B7FF2F7C2EAE001A7F06 /* PBXContainerItemProxy */ = {
			isa = PBXContainerItemProxy;
			containerPortal = 6053B7DD2F7C2EAD001A7F06 /* Project object */;
			proxyType = 1;
			remoteGlobalIDString = 6053B7E42F7C2EAD001A7F06;
			remoteInfo = MoisesChallenge;
		};
/* End PBXContainerItemProxy section */

/* Begin PBXFileReference section */
		6053B7E52F7C2EAD001A7F06 /* MoisesChallenge.app */ = {isa = PBXFileReference; explicitFileType = wrapper.application; includeInIndex = 0; path = MoisesChallenge.app; sourceTree = BUILT_PRODUCTS_DIR; };
		6053B7F42F7C2EAE001A7F06 /* MoisesChallengeTests.xctest */ = {isa = PBXFileReference; explicitFileType = wrapper.cfbundle; includeInIndex = 0; path = MoisesChallengeTests.xctest; sourceTree = BUILT_PRODUCTS_DIR; };
		6053B7FE2F7C2EAE001A7F06 /* MoisesChallengeUITests.xctest */ = {isa = PBXFileReference; explicitFileType = wrapper.cfbundle; includeInIndex = 0; path = MoisesChallengeUITests.xctest; sourceTree = BUILT_PRODUCTS_DIR; };
/* End PBXFileReference section */

/* Begin PBXFileSystemSynchronizedBuildFileExceptionSet section */
		6053B8412F7C3B71001A7F06 /* Exceptions for "MoisesChallenge" folder in "MoisesChallenge" target */ = {
			isa = PBXFileSystemSynchronizedBuildFileExceptionSet;
			membershipExceptions = (
				Info.plist,
			);
			target = 6053B7E42F7C2EAD001A7F06 /* MoisesChallenge */;
		};
/* End PBXFileSystemSynchronizedBuildFileExceptionSet section */

/* Begin PBXFileSystemSynchronizedRootGroup section */
		6053B7E72F7C2EAD001A7F06 /* MoisesChallenge */ = {
			isa = PBXFileSystemSynchronizedRootGroup;
			exceptions = (
				6053B8412F7C3B71001A7F06 /* Exceptions for "MoisesChallenge" folder in "MoisesChallenge" target */,
			);
			path = MoisesChallenge;
			sourceTree = "<group>";
		};
		6053B7F72F7C2EAE001A7F06 /* MoisesChallengeTests */ = {
			isa = PBXFileSystemSynchronizedRootGroup;
			path = MoisesChallengeTests;
			sourceTree = "<group>";
		};
		6053B8012F7C2EAE001A7F06 /* MoisesChallengeUITests */ = {
			isa = PBXFileSystemSynchronizedRootGroup;
			path = MoisesChallengeUITests;
			sourceTree = "<group>";
		};
/* End PBXFileSystemSynchronizedRootGroup section */

/* Begin PBXFrameworksBuildPhase section */
		6053B7E22F7C2EAD001A7F06 /* Frameworks */ = {
			isa = PBXFrameworksBuildPhase;
			buildActionMask = 2147483647;
			files = (
				6038A3052F7FDDED009BFB10 /* Kingfisher in Frameworks */,
				605F68CA2F7C5146000B7303 /* Alamofire in Frameworks */,
			);
			runOnlyForDeploymentPostprocessing = 0;
		};
		6053B7F12F7C2EAE001A7F06 /* Frameworks */ = {
			isa = PBXFrameworksBuildPhase;
			buildActionMask = 2147483647;
			files = (
			);
			runOnlyForDeploymentPostprocessing = 0;
		};
		6053B7FB2F7C2EAE001A7F06 /* Frameworks */ = {
			isa = PBXFrameworksBuildPhase;
			buildActionMask = 2147483647;
			files = (
			);
			runOnlyForDeploymentPostprocessing = 0;
		};
/* End PBXFrameworksBuildPhase section */

/* Begin PBXGroup section */
		6053B7DC2F7C2EAD001A7F06 = {
			isa = PBXGroup;
			children = (
				6053B7E72F7C2EAD001A7F06 /* MoisesChallenge */,
				6053B7F72F7C2EAE001A7F06 /* MoisesChallengeTests */,
				6053B8012F7C2EAE001A7F06 /* MoisesChallengeUITests */,
				6053B7E62F7C2EAD001A7F06 /* Products */,
			);
			sourceTree = "<group>";
		};
		6053B7E62F7C2EAD001A7F06 /* Products */ = {
			isa = PBXGroup;
			children = (
				6053B7E52F7C2EAD001A7F06 /* MoisesChallenge.app */,
				6053B7F42F7C2EAE001A7F06 /* MoisesChallengeTests.xctest */,
				6053B7FE2F7C2EAE001A7F06 /* MoisesChallengeUITests.xctest */,
			);
			name = Products;
			sourceTree = "<group>";
		};
/* End PBXGroup section */

/* Begin PBXNativeTarget section */
		6053B7E42F7C2EAD001A7F06 /* MoisesChallenge */ = {
			isa = PBXNativeTarget;
			buildConfigurationList = 6053B8082F7C2EAE001A7F06 /* Build configuration list for PBXNativeTarget "MoisesChallenge" */;
			buildPhases = (
				6053B7E12F7C2EAD001A7F06 /* Sources */,
				6053B7E22F7C2EAD001A7F06 /* Frameworks */,
				6053B7E32F7C2EAD001A7F06 /* Resources */,
			);
			buildRules = (
			);
			dependencies = (
			);
			fileSystemSynchronizedGroups = (
				6053B7E72F7C2EAD001A7F06 /* MoisesChallenge */,
			);
			name = MoisesChallenge;
			packageProductDependencies = (
				605F68C92F7C5146000B7303 /* Alamofire */,
				6038A3042F7FDDED009BFB10 /* Kingfisher */,
			);
			productName = MoisesChallenge;
			productReference = 6053B7E52F7C2EAD001A7F06 /* MoisesChallenge.app */;
			productType = "com.apple.product-type.application";
		};
		6053B7F32F7C2EAE001A7F06 /* MoisesChallengeTests */ = {
			isa = PBXNativeTarget;
			buildConfigurationList = 6053B80B2F7C2EAE001A7F06 /* Build configuration list for PBXNativeTarget "MoisesChallengeTests" */;
			buildPhases = (
				6053B7F02F7C2EAE001A7F06 /* Sources */,
				6053B7F12F7C2EAE001A7F06 /* Frameworks */,
				6053B7F22F7C2EAE001A7F06 /* Resources */,
			);
			buildRules = (
			);
			dependencies = (
				6053B7F62F7C2EAE001A7F06 /* PBXTargetDependency */,
			);
			fileSystemSynchronizedGroups = (
				6053B7F72F7C2EAE001A7F06 /* MoisesChallengeTests */,
			);
			name = MoisesChallengeTests;
			packageProductDependencies = (
			);
			productName = MoisesChallengeTests;
			productReference = 6053B7F42F7C2EAE001A7F06 /* MoisesChallengeTests.xctest */;
			productType = "com.apple.product-type.bundle.unit-test";
		};
		6053B7FD2F7C2EAE001A7F06 /* MoisesChallengeUITests */ = {
			isa = PBXNativeTarget;
			buildConfigurationList = 6053B80E2F7C2EAE001A7F06 /* Build configuration list for PBXNativeTarget "MoisesChallengeUITests" */;
			buildPhases = (
				6053B7FA2F7C2EAE001A7F06 /* Sources */,
				6053B7FB2F7C2EAE001A7F06 /* Frameworks */,
				6053B7FC2F7C2EAE001A7F06 /* Resources */,
			);
			buildRules = (
			);
			dependencies = (
				6053B8002F7C2EAE001A7F06 /* PBXTargetDependency */,
			);
			fileSystemSynchronizedGroups = (
				6053B8012F7C2EAE001A7F06 /* MoisesChallengeUITests */,
			);
			name = MoisesChallengeUITests;
			packageProductDependencies = (
			);
			productName = MoisesChallengeUITests;
			productReference = 6053B7FE2F7C2EAE001A7F06 /* MoisesChallengeUITests.xctest */;
			productType = "com.apple.product-type.bundle.ui-testing";
		};
/* End PBXNativeTarget section */

/* Begin PBXProject section */
		6053B7DD2F7C2EAD001A7F06 /* Project object */ = {
			isa = PBXProject;
			attributes = {
				BuildIndependentTargetsInParallel = 1;
				LastSwiftUpdateCheck = 1640;
				LastUpgradeCheck = 1640;
				TargetAttributes = {
					6053B7E42F7C2EAD001A7F06 = {
						CreatedOnToolsVersion = 16.4;
					};
					6053B7F32F7C2EAE001A7F06 = {
						CreatedOnToolsVersion = 16.4;
						TestTargetID = 6053B7E42F7C2EAD001A7F06;
					};
					6053B7FD2F7C2EAE001A7F06 = {
						CreatedOnToolsVersion = 16.4;
						TestTargetID = 6053B7E42F7C2EAD001A7F06;
					};
				};
			};
			buildConfigurationList = 6053B7E02F7C2EAD001A7F06 /* Build configuration list for PBXProject "MoisesChallenge" */;
			developmentRegion = en;
			hasScannedForEncodings = 0;
			knownRegions = (
				en,
				Base,
			);
			mainGroup = 6053B7DC2F7C2EAD001A7F06;
			minimizedProjectReferenceProxies = 1;
			packageReferences = (
				605F68C82F7C5146000B7303 /* XCRemoteSwiftPackageReference "Alamofire" */,
				6038A3032F7FDDED009BFB10 /* XCRemoteSwiftPackageReference "Kingfisher" */,
			);
			preferredProjectObjectVersion = 77;
			productRefGroup = 6053B7E62F7C2EAD001A7F06 /* Products */;
			projectDirPath = "";
			projectRoot = "";
			targets = (
				6053B7E42F7C2EAD001A7F06 /* MoisesChallenge */,
				6053B7F32F7C2EAE001A7F06 /* MoisesChallengeTests */,
				6053B7FD2F7C2EAE001A7F06 /* MoisesChallengeUITests */,
			);
		};
/* End PBXProject section */

/* Begin PBXResourcesBuildPhase section */
		6053B7E32F7C2EAD001A7F06 /* Resources */ = {
			isa = PBXResourcesBuildPhase;
			buildActionMask = 2147483647;
			files = (
			);
			runOnlyForDeploymentPostprocessing = 0;
		};
		6053B7F22F7C2EAE001A7F06 /* Resources */ = {
			isa = PBXResourcesBuildPhase;
			buildActionMask = 2147483647;
			files = (
			);
			runOnlyForDeploymentPostprocessing = 0;
		};
		6053B7FC2F7C2EAE001A7F06 /* Resources */ = {
			isa = PBXResourcesBuildPhase;
			buildActionMask = 2147483647;
			files = (
			);
			runOnlyForDeploymentPostprocessing = 0;
		};
/* End PBXResourcesBuildPhase section */

/* Begin PBXSourcesBuildPhase section */
		6053B7E12F7C2EAD001A7F06 /* Sources */ = {
			isa = PBXSourcesBuildPhase;
			buildActionMask = 2147483647;
			files = (
			);
			runOnlyForDeploymentPostprocessing = 0;
		};
		6053B7F02F7C2EAE001A7F06 /* Sources */ = {
			isa = PBXSourcesBuildPhase;
			buildActionMask = 2147483647;
			files = (
			);
			runOnlyForDeploymentPostprocessing = 0;
		};
		6053B7FA2F7C2EAE001A7F06 /* Sources */ = {
			isa = PBXSourcesBuildPhase;
			buildActionMask = 2147483647;
			files = (
			);
			runOnlyForDeploymentPostprocessing = 0;
		};
/* End PBXSourcesBuildPhase section */

/* Begin PBXTargetDependency section */
		6053B7F62F7C2EAE001A7F06 /* PBXTargetDependency */ = {
			isa = PBXTargetDependency;
			target = 6053B7E42F7C2EAD001A7F06 /* MoisesChallenge */;
			targetProxy = 6053B7F52F7C2EAE001A7F06 /* PBXContainerItemProxy */;
		};
		6053B8002F7C2EAE001A7F06 /* PBXTargetDependency */ = {
			isa = PBXTargetDependency;
			target = 6053B7E42F7C2EAD001A7F06 /* MoisesChallenge */;
			targetProxy = 6053B7FF2F7C2EAE001A7F06 /* PBXContainerItemProxy */;
		};
/* End PBXTargetDependency section */

/* Begin XCBuildConfiguration section */
		6053B8062F7C2EAE001A7F06 /* Debug */ = {
			isa = XCBuildConfiguration;
			buildSettings = {
				ALWAYS_SEARCH_USER_PATHS = NO;
				ASSETCATALOG_COMPILER_GENERATE_SWIFT_ASSET_SYMBOL_EXTENSIONS = YES;
				CLANG_ANALYZER_NONNULL = YES;
				CLANG_ANALYZER_NUMBER_OBJECT_CONVERSION = YES_AGGRESSIVE;
				CLANG_CXX_LANGUAGE_STANDARD = "gnu++20";
				CLANG_ENABLE_MODULES = YES;
				CLANG_ENABLE_OBJC_ARC = YES;
				CLANG_ENABLE_OBJC_WEAK = YES;
				CLANG_WARN_BLOCK_CAPTURE_AUTORELEASING = YES;
				CLANG_WARN_BOOL_CONVERSION = YES;
				CLANG_WARN_COMMA = YES;
				CLANG_WARN_CONSTANT_CONVERSION = YES;
				CLANG_WARN_DEPRECATED_OBJC_IMPLEMENTATIONS = YES;
				CLANG_WARN_DIRECT_OBJC_ISA_USAGE = YES_ERROR;
				CLANG_WARN_DOCUMENTATION_COMMENTS = YES;
				CLANG_WARN_EMPTY_BODY = YES;
				CLANG_WARN_ENUM_CONVERSION = YES;
				CLANG_WARN_INFINITE_RECURSION = YES;
				CLANG_WARN_INT_CONVERSION = YES;
				CLANG_WARN_NON_LITERAL_NULL_CONVERSION = YES;
				CLANG_WARN_OBJC_IMPLICIT_RETAIN_SELF = YES;
				CLANG_WARN_OBJC_LITERAL_CONVERSION = YES;
				CLANG_WARN_OBJC_ROOT_CLASS = YES_ERROR;
				CLANG_WARN_QUOTED_INCLUDE_IN_FRAMEWORK_HEADER = YES;
				CLANG_WARN_RANGE_LOOP_ANALYSIS = YES;
				CLANG_WARN_STRICT_PROTOTYPES = YES;
				CLANG_WARN_SUSPICIOUS_MOVE = YES;
				CLANG_WARN_UNGUARDED_AVAILABILITY = YES_AGGRESSIVE;
				CLANG_WARN_UNREACHABLE_CODE = YES;
				CLANG_WARN__DUPLICATE_METHOD_MATCH = YES;
				COPY_PHASE_STRIP = NO;
				DEBUG_INFORMATION_FORMAT = dwarf;
				DEVELOPMENT_TEAM = UJ5BDD4V99;
				ENABLE_STRICT_OBJC_MSGSEND = YES;
				ENABLE_TESTABILITY = YES;
				ENABLE_USER_SCRIPT_SANDBOXING = YES;
				GCC_C_LANGUAGE_STANDARD = gnu17;
				GCC_DYNAMIC_NO_PIC = NO;
				GCC_NO_COMMON_BLOCKS = YES;
				GCC_OPTIMIZATION_LEVEL = 0;
				GCC_PREPROCESSOR_DEFINITIONS = (
					"DEBUG=1",
					"$(inherited)",
				);
				GCC_WARN_64_TO_32_BIT_CONVERSION = YES;
				GCC_WARN_ABOUT_RETURN_TYPE = YES_ERROR;
				GCC_WARN_UNDECLARED_SELECTOR = YES;
				GCC_WARN_UNINITIALIZED_AUTOS = YES_AGGRESSIVE;
				GCC_WARN_UNUSED_FUNCTION = YES;
				GCC_WARN_UNUSED_VARIABLE = YES;
				IPHONEOS_DEPLOYMENT_TARGET = 18.5;
				LOCALIZATION_PREFERS_STRING_CATALOGS = YES;
				MTL_ENABLE_DEBUG_INFO = INCLUDE_SOURCE;
				MTL_FAST_MATH = YES;
				ONLY_ACTIVE_ARCH = YES;
				SDKROOT = iphoneos;
				SWIFT_ACTIVE_COMPILATION_CONDITIONS = "DEBUG $(inherited)";
				SWIFT_OPTIMIZATION_LEVEL = "-Onone";
			};
			name = Debug;
		};
		6053B8072F7C2EAE001A7F06 /* Release */ = {
			isa = XCBuildConfiguration;
			buildSettings = {
				ALWAYS_SEARCH_USER_PATHS = NO;
				ASSETCATALOG_COMPILER_GENERATE_SWIFT_ASSET_SYMBOL_EXTENSIONS = YES;
				CLANG_ANALYZER_NONNULL = YES;
				CLANG_ANALYZER_NUMBER_OBJECT_CONVERSION = YES_AGGRESSIVE;
				CLANG_CXX_LANGUAGE_STANDARD = "gnu++20";
				CLANG_ENABLE_MODULES = YES;
				CLANG_ENABLE_OBJC_ARC = YES;
				CLANG_ENABLE_OBJC_WEAK = YES;
				CLANG_WARN_BLOCK_CAPTURE_AUTORELEASING = YES;
				CLANG_WARN_BOOL_CONVERSION = YES;
				CLANG_WARN_COMMA = YES;
				CLANG_WARN_CONSTANT_CONVERSION = YES;
				CLANG_WARN_DEPRECATED_OBJC_IMPLEMENTATIONS = YES;
				CLANG_WARN_DIRECT_OBJC_ISA_USAGE = YES_ERROR;
				CLANG_WARN_DOCUMENTATION_COMMENTS = YES;
				CLANG_WARN_EMPTY_BODY = YES;
				CLANG_WARN_ENUM_CONVERSION = YES;
				CLANG_WARN_INFINITE_RECURSION = YES;
				CLANG_WARN_INT_CONVERSION = YES;
				CLANG_WARN_NON_LITERAL_NULL_CONVERSION = YES;
				CLANG_WARN_OBJC_IMPLICIT_RETAIN_SELF = YES;
				CLANG_WARN_OBJC_LITERAL_CONVERSION = YES;
				CLANG_WARN_OBJC_ROOT_CLASS = YES_ERROR;
				CLANG_WARN_QUOTED_INCLUDE_IN_FRAMEWORK_HEADER = YES;
				CLANG_WARN_RANGE_LOOP_ANALYSIS = YES;
				CLANG_WARN_STRICT_PROTOTYPES = YES;
				CLANG_WARN_SUSPICIOUS_MOVE = YES;
				CLANG_WARN_UNGUARDED_AVAILABILITY = YES_AGGRESSIVE;
				CLANG_WARN_UNREACHABLE_CODE = YES;
				CLANG_WARN__DUPLICATE_METHOD_MATCH = YES;
				COPY_PHASE_STRIP = NO;
				DEBUG_INFORMATION_FORMAT = "dwarf-with-dsym";
				DEVELOPMENT_TEAM = UJ5BDD4V99;
				ENABLE_NS_ASSERTIONS = NO;
				ENABLE_STRICT_OBJC_MSGSEND = YES;
				ENABLE_USER_SCRIPT_SANDBOXING = YES;
				GCC_C_LANGUAGE_STANDARD = gnu17;
				GCC_NO_COMMON_BLOCKS = YES;
				GCC_WARN_64_TO_32_BIT_CONVERSION = YES;
				GCC_WARN_ABOUT_RETURN_TYPE = YES_ERROR;
				GCC_WARN_UNDECLARED_SELECTOR = YES;
				GCC_WARN_UNINITIALIZED_AUTOS = YES_AGGRESSIVE;
				GCC_WARN_UNUSED_FUNCTION = YES;
				GCC_WARN_UNUSED_VARIABLE = YES;
				IPHONEOS_DEPLOYMENT_TARGET = 18.5;
				LOCALIZATION_PREFERS_STRING_CATALOGS = YES;
				MTL_ENABLE_DEBUG_INFO = NO;
				MTL_FAST_MATH = YES;
				SDKROOT = iphoneos;
				SWIFT_COMPILATION_MODE = wholemodule;
				VALIDATE_PRODUCT = YES;
			};
			name = Release;
		};
		6053B8092F7C2EAE001A7F06 /* Debug */ = {
			isa = XCBuildConfiguration;
			buildSettings = {
				ASSETCATALOG_COMPILER_APPICON_NAME = AppIcon;
				ASSETCATALOG_COMPILER_GLOBAL_ACCENT_COLOR_NAME = AccentColor;
				CODE_SIGN_STYLE = Automatic;
				CURRENT_PROJECT_VERSION = 1;
				DEVELOPMENT_TEAM = UJ5BDD4V99;
				ENABLE_PREVIEWS = YES;
				GENERATE_INFOPLIST_FILE = YES;
				INFOPLIST_FILE = MoisesChallenge/Info.plist;
				INFOPLIST_KEY_CFBundleDisplayName = "Moises Challenge";
				INFOPLIST_KEY_LSApplicationCategoryType = "public.app-category.music";
				INFOPLIST_KEY_UIApplicationSceneManifest_Generation = YES;
				INFOPLIST_KEY_UIApplicationSupportsIndirectInputEvents = YES;
				INFOPLIST_KEY_UISupportedInterfaceOrientations = UIInterfaceOrientationPortrait;
				INFOPLIST_KEY_UISupportedInterfaceOrientations_iPad = "UIInterfaceOrientationLandscapeLeft UIInterfaceOrientationLandscapeRight UIInterfaceOrientationPortrait UIInterfaceOrientationPortraitUpsideDown";
				LD_RUNPATH_SEARCH_PATHS = (
					"$(inherited)",
					"@executable_path/Frameworks",
				);
				MARKETING_VERSION = 1.0;
				PRODUCT_BUNDLE_IDENTIFIER = com.elitehrv.MoisesChallenge;
				PRODUCT_NAME = "$(TARGET_NAME)";
				SWIFT_EMIT_LOC_STRINGS = YES;
				SWIFT_VERSION = 6.0;
				TARGETED_DEVICE_FAMILY = "1,2";
			};
			name = Debug;
		};
		6053B80A2F7C2EAE001A7F06 /* Release */ = {
			isa = XCBuildConfiguration;
			buildSettings = {
				ASSETCATALOG_COMPILER_APPICON_NAME = AppIcon;
				ASSETCATALOG_COMPILER_GLOBAL_ACCENT_COLOR_NAME = AccentColor;
				CODE_SIGN_STYLE = Automatic;
				CURRENT_PROJECT_VERSION = 1;
				DEVELOPMENT_TEAM = UJ5BDD4V99;
				ENABLE_PREVIEWS = YES;
				GENERATE_INFOPLIST_FILE = YES;
				INFOPLIST_FILE = MoisesChallenge/Info.plist;
				INFOPLIST_KEY_CFBundleDisplayName = "Moises Challenge";
				INFOPLIST_KEY_LSApplicationCategoryType = "public.app-category.music";
				INFOPLIST_KEY_UIApplicationSceneManifest_Generation = YES;
				INFOPLIST_KEY_UIApplicationSupportsIndirectInputEvents = YES;
				INFOPLIST_KEY_UISupportedInterfaceOrientations = UIInterfaceOrientationPortrait;
				INFOPLIST_KEY_UISupportedInterfaceOrientations_iPad = "UIInterfaceOrientationLandscapeLeft UIInterfaceOrientationLandscapeRight UIInterfaceOrientationPortrait UIInterfaceOrientationPortraitUpsideDown";
				LD_RUNPATH_SEARCH_PATHS = (
					"$(inherited)",
					"@executable_path/Frameworks",
				);
				MARKETING_VERSION = 1.0;
				PRODUCT_BUNDLE_IDENTIFIER = com.elitehrv.MoisesChallenge;
				PRODUCT_NAME = "$(TARGET_NAME)";
				SWIFT_EMIT_LOC_STRINGS = YES;
				SWIFT_VERSION = 6.0;
				TARGETED_DEVICE_FAMILY = "1,2";
			};
			name = Release;
		};
		6053B80C2F7C2EAE001A7F06 /* Debug */ = {
			isa = XCBuildConfiguration;
			buildSettings = {
				BUNDLE_LOADER = "$(TEST_HOST)";
				CODE_SIGN_STYLE = Automatic;
				CURRENT_PROJECT_VERSION = 1;
				DEVELOPMENT_TEAM = UJ5BDD4V99;
				GENERATE_INFOPLIST_FILE = YES;
				IPHONEOS_DEPLOYMENT_TARGET = 18.5;
				MARKETING_VERSION = 1.0;
				PRODUCT_BUNDLE_IDENTIFIER = com.elitehrv.MoisesChallengeTests;
				PRODUCT_NAME = "$(TARGET_NAME)";
				SWIFT_EMIT_LOC_STRINGS = NO;
				SWIFT_VERSION = 5.0;
				TARGETED_DEVICE_FAMILY = "1,2";
				TEST_HOST = "$(BUILT_PRODUCTS_DIR)/MoisesChallenge.app/$(BUNDLE_EXECUTABLE_FOLDER_PATH)/MoisesChallenge";
			};
			name = Debug;
		};
		6053B80D2F7C2EAE001A7F06 /* Release */ = {
			isa = XCBuildConfiguration;
			buildSettings = {
				BUNDLE_LOADER = "$(TEST_HOST)";
				CODE_SIGN_STYLE = Automatic;
				CURRENT_PROJECT_VERSION = 1;
				DEVELOPMENT_TEAM = UJ5BDD4V99;
				GENERATE_INFOPLIST_FILE = YES;
				IPHONEOS_DEPLOYMENT_TARGET = 18.5;
				MARKETING_VERSION = 1.0;
				PRODUCT_BUNDLE_IDENTIFIER = com.elitehrv.MoisesChallengeTests;
				PRODUCT_NAME = "$(TARGET_NAME)";
				SWIFT_EMIT_LOC_STRINGS = NO;
				SWIFT_VERSION = 5.0;
				TARGETED_DEVICE_FAMILY = "1,2";
				TEST_HOST = "$(BUILT_PRODUCTS_DIR)/MoisesChallenge.app/$(BUNDLE_EXECUTABLE_FOLDER_PATH)/MoisesChallenge";
			};
			name = Release;
		};
		6053B80F2F7C2EAE001A7F06 /* Debug */ = {
			isa = XCBuildConfiguration;
			buildSettings = {
				CODE_SIGN_STYLE = Automatic;
				CURRENT_PROJECT_VERSION = 1;
				DEVELOPMENT_TEAM = UJ5BDD4V99;
				GENERATE_INFOPLIST_FILE = YES;
				MARKETING_VERSION = 1.0;
				PRODUCT_BUNDLE_IDENTIFIER = com.elitehrv.MoisesChallengeUITests;
				PRODUCT_NAME = "$(TARGET_NAME)";
				SWIFT_EMIT_LOC_STRINGS = NO;
				SWIFT_VERSION = 5.0;
				TARGETED_DEVICE_FAMILY = "1,2";
				TEST_TARGET_NAME = MoisesChallenge;
			};
			name = Debug;
		};
		6053B8102F7C2EAE001A7F06 /* Release */ = {
			isa = XCBuildConfiguration;
			buildSettings = {
				CODE_SIGN_STYLE = Automatic;
				CURRENT_PROJECT_VERSION = 1;
				DEVELOPMENT_TEAM = UJ5BDD4V99;
				GENERATE_INFOPLIST_FILE = YES;
				MARKETING_VERSION = 1.0;
				PRODUCT_BUNDLE_IDENTIFIER = com.elitehrv.MoisesChallengeUITests;
				PRODUCT_NAME = "$(TARGET_NAME)";
				SWIFT_EMIT_LOC_STRINGS = NO;
				SWIFT_VERSION = 5.0;
				TARGETED_DEVICE_FAMILY = "1,2";
				TEST_TARGET_NAME = MoisesChallenge;
			};
			name = Release;
		};
/* End XCBuildConfiguration section */

/* Begin XCConfigurationList section */
		6053B7E02F7C2EAD001A7F06 /* Build configuration list for PBXProject "MoisesChallenge" */ = {
			isa = XCConfigurationList;
			buildConfigurations = (
				6053B8062F7C2EAE001A7F06 /* Debug */,
				6053B8072F7C2EAE001A7F06 /* Release */,
			);
			defaultConfigurationIsVisible = 0;
			defaultConfigurationName = Release;
		};
		6053B8082F7C2EAE001A7F06 /* Build configuration list for PBXNativeTarget "MoisesChallenge" */ = {
			isa = XCConfigurationList;
			buildConfigurations = (
				6053B8092F7C2EAE001A7F06 /* Debug */,
				6053B80A2F7C2EAE001A7F06 /* Release */,
			);
			defaultConfigurationIsVisible = 0;
			defaultConfigurationName = Release;
		};
		6053B80B2F7C2EAE001A7F06 /* Build configuration list for PBXNativeTarget "MoisesChallengeTests" */ = {
			isa = XCConfigurationList;
			buildConfigurations = (
				6053B80C2F7C2EAE001A7F06 /* Debug */,
				6053B80D2F7C2EAE001A7F06 /* Release */,
			);
			defaultConfigurationIsVisible = 0;
			defaultConfigurationName = Release;
		};
		6053B80E2F7C2EAE001A7F06 /* Build configuration list for PBXNativeTarget "MoisesChallengeUITests" */ = {
			isa = XCConfigurationList;
			buildConfigurations = (
				6053B80F2F7C2EAE001A7F06 /* Debug */,
				6053B8102F7C2EAE001A7F06 /* Release */,
			);
			defaultConfigurationIsVisible = 0;
			defaultConfigurationName = Release;
		};
/* End XCConfigurationList section */

/* Begin XCRemoteSwiftPackageReference section */
		6038A3032F7FDDED009BFB10 /* XCRemoteSwiftPackageReference "Kingfisher" */ = {
			isa = XCRemoteSwiftPackageReference;
			repositoryURL = "https://github.com/onevcat/Kingfisher";
			requirement = {
				kind = upToNextMajorVersion;
				minimumVersion = 8.8.1;
			};
		};
		605F68C82F7C5146000B7303 /* XCRemoteSwiftPackageReference "Alamofire" */ = {
			isa = XCRemoteSwiftPackageReference;
			repositoryURL = "https://github.com/Alamofire/Alamofire";
			requirement = {
				kind = upToNextMajorVersion;
				minimumVersion = 5.11.1;
			};
		};
/* End XCRemoteSwiftPackageReference section */

/* Begin XCSwiftPackageProductDependency section */
		6038A3042F7FDDED009BFB10 /* Kingfisher */ = {
			isa = XCSwiftPackageProductDependency;
			package = 6038A3032F7FDDED009BFB10 /* XCRemoteSwiftPackageReference "Kingfisher" */;
			productName = Kingfisher;
		};
		605F68C92F7C5146000B7303 /* Alamofire */ = {
			isa = XCSwiftPackageProductDependency;
			package = 605F68C82F7C5146000B7303 /* XCRemoteSwiftPackageReference "Alamofire" */;
			productName = Alamofire;
		};
/* End XCSwiftPackageProductDependency section */
	};
	rootObject = 6053B7DD2F7C2EAD001A7F06 /* Project object */;
}
